# This file is autogenerated, do not edit; changes may be undone by the next 'dep ensure'.


[[projects]]
  name = "github.com/gizak/termui"
  packages = ["."]
  revision = "24acd523c756fd9728824cdfac66aad9d8982fb7"
  version = "v2.2.0"

[[projects]]
  name = "github.com/maruel/panicparse"
  packages = ["stack"]
  revision = "f6ee1e454807f72b84277a84fc06437081340a1b"
  version = "v1.0.1"

[[projects]]
  name = "github.com/mattn/go-runewidth"
  packages = ["."]
  revision = "9e777a8366cce605130a531d2cd6363d07ad7317"
  version = "v0.0.2"

[[projects]]
  branch = "master"
  name = "github.com/mitchellh/go-wordwrap"
  packages = ["."]
  revision = "ad45545899c7b13c020ea92b2072220eefad42b8"

[[projects]]
  branch = "master"
  name = "github.com/mitchellh/ioprogress"
  packages = ["."]
  revision = "8163955264568045f462ae7e2d6d07b2001fc997"

[[projects]]
  branch = "master"
  name = "github.com/nsf/termbox-go"
  packages = ["."]
  revision = "aa4a75b1c20a2b03751b1a9f7e41d58bd6f71c43"

[solve-meta]
  analyzer-name = "dep"
  analyzer-version = 1
  inputs-digest = "52ee8aeffc0a0f874960494cff6fcf42aff5909b6efe7aa98aafde003882314e"
  solver-name = "gps-cdcl"
  solver-version = 1
